
Microsoft Visual Studio Solution File, Format Version 12.00
# Visual Studio 2013
VisualStudioVersion = 12.0.21005.1
MinimumVisualStudioVersion = 10.0.40219.1
Project("{FAE04EC0-301F-11D3-BF4B-00C04F79EFBC}") = "Textaleysa", "Textaleysa\Textaleysa.csproj", "{08378BC1-80FC-4E74-AA1B-E3162648AFFE}"
EndProject
Project("{FAE04EC0-301F-11D3-BF4B-00C04F79EFBC}") = "Textaleysa.Tests", "Textaleysa.Tests\Textaleysa.Tests.csproj", "{F97BF5A3-C0B7-45CF-86EA-417C3B1F06F5}"
EndProject
Global
	GlobalSection(SolutionConfigurationPlatforms) = preSolution
		Debug|Any CPU = Debug|Any CPU
		Release|Any CPU = Release|Any CPU
	EndGlobalSection
	GlobalSection(ProjectConfigurationPlatforms) = postSolution
		{08378BC1-80FC-4E74-AA1B-E3162648AFFE}.Debug|Any CPU.ActiveCfg = Debug|Any CPU
		{08378BC1-80FC-4E74-AA1B-E3162648AFFE}.Debug|Any CPU.Build.0 = Debug|Any CPU
		{08378BC1-80FC-4E74-AA1B-E3162648AFFE}.Release|Any CPU.ActiveCfg = Release|Any CPU
		{08378BC1-80FC-4E74-AA1B-E3162648AFFE}.Release|Any CPU.Build.0 = Release|Any CPU
		{F97BF5A3-C0B7-45CF-86EA-417C3B1F06F5}.Debug|Any CPU.ActiveCfg = Debug|Any CPU
		{F97BF5A3-C0B7-45CF-86EA-417C3B1F06F5}.Debug|Any CPU.Build.0 = Debug|Any CPU
		{F97BF5A3-C0B7-45CF-86EA-417C3B1F06F5}.Release|Any CPU.ActiveCfg = Release|Any CPU
		{F97BF5A3-C0B7-45CF-86EA-417C3B1F06F5}.Release|Any CPU.Build.0 = Release|Any CPU
	EndGlobalSection
	GlobalSection(SolutionProperties) = preSolution
		HideSolutionNode = FALSE
	EndGlobalSection
EndGlobal
